
Microsoft Visual Studio Solution File, Format Version 12.00
# Visual Studio Version 17
VisualStudioVersion = 17.0.32112.339
MinimumVisualStudioVersion = 10.0.40219.1
Project("{9A19103F-16F7-4668-BE54-9A1E7A4F7556}") = "HomeSeerDimmers", "HomeSeerDimmers\HomeSeerDimmers.csproj", "{F954FDDB-145A-4319-BAD1-30ADD00D1625}"
EndProject
Project("{9A19103F-16F7-4668-BE54-9A1E7A4F7556}") = "HomeSeerDimmerUnitTests", "HomeSeerDimmerUnitTests\HomeSeerDimmerUnitTests.csproj", "{0B95ADAA-CF7A-480A-8FA6-8FF85DC844EB}"
EndProject
Global
	GlobalSection(SolutionConfigurationPlatforms) = preSolution
		Debug|Any CPU = Debug|Any CPU
		Release|Any CPU = Release|Any CPU
	EndGlobalSection
	GlobalSection(ProjectConfigurationPlatforms) = postSolution
		{F954FDDB-145A-4319-BAD1-30ADD00D1625}.Debug|Any CPU.ActiveCfg = Debug|Any CPU
		{F954FDDB-145A-4319-BAD1-30ADD00D1625}.Debug|Any CPU.Build.0 = Debug|Any CPU
		{F954FDDB-145A-4319-BAD1-30ADD00D1625}.Release|Any CPU.ActiveCfg = Release|Any CPU
		{F954FDDB-145A-4319-BAD1-30ADD00D1625}.Release|Any CPU.Build.0 = Release|Any CPU
		{0B95ADAA-CF7A-480A-8FA6-8FF85DC844EB}.Debug|Any CPU.ActiveCfg = Debug|Any CPU
		{0B95ADAA-CF7A-480A-8FA6-8FF85DC844EB}.Debug|Any CPU.Build.0 = Debug|Any CPU
		{0B95ADAA-CF7A-480A-8FA6-8FF85DC844EB}.Release|Any CPU.ActiveCfg = Release|Any CPU
		{0B95ADAA-CF7A-480A-8FA6-8FF85DC844EB}.Release|Any CPU.Build.0 = Release|Any CPU
	EndGlobalSection
	GlobalSection(SolutionProperties) = preSolution
		HideSolutionNode = FALSE
	EndGlobalSection
	GlobalSection(ExtensibilityGlobals) = postSolution
		SolutionGuid = {498727C5-7154-400B-AC5D-A2EE0106CF8B}
	EndGlobalSection
EndGlobal
